
Microsoft Visual Studio Solution File, Format Version 12.00
# Visual Studio Version 16
VisualStudioVersion = 16.0.31105.61
MinimumVisualStudioVersion = 10.0.40219.1
Project("{FAE04EC0-301F-11D3-BF4B-00C04F79EFBC}") = "Проект", "Проект.csproj", "{4B0F5EAD-1C94-43E2-9AC7-2F7FE2B1590D}"
EndProject
Global
	GlobalSection(SolutionConfigurationPlatforms) = preSolution
		Debug|Any CPU = Debug|Any CPU
		Release|Any CPU = Release|Any CPU
	EndGlobalSection
	GlobalSection(ProjectConfigurationPlatforms) = postSolution
		{4B0F5EAD-1C94-43E2-9AC7-2F7FE2B1590D}.Debug|Any CPU.ActiveCfg = Debug|Any CPU
		{4B0F5EAD-1C94-43E2-9AC7-2F7FE2B1590D}.Debug|Any CPU.Build.0 = Debug|Any CPU
		{4B0F5EAD-1C94-43E2-9AC7-2F7FE2B1590D}.Release|Any CPU.ActiveCfg = Release|Any CPU
		{4B0F5EAD-1C94-43E2-9AC7-2F7FE2B1590D}.Release|Any CPU.Build.0 = Release|Any CPU
	EndGlobalSection
	GlobalSection(SolutionProperties) = preSolution
		HideSolutionNode = FALSE
	EndGlobalSection
	GlobalSection(ExtensibilityGlobals) = postSolution
		SolutionGuid = {362BD57D-D001-448E-8D63-06C5EF476481}
	EndGlobalSection
EndGlobal
